
Microsoft Visual Studio Solution File, Format Version 12.00
# Visual Studio Version 16
VisualStudioVersion = 16.0.31129.286
MinimumVisualStudioVersion = 10.0.40219.1
Project("{FAE04EC0-301F-11D3-BF4B-00C04F79EFBC}") = "API_ESC_MANEJO.API", "API_ESC_MANEJO.API\API_ESC_MANEJO.API.csproj", "{D906FD69-8DC1-4073-A3EE-9C535990F9F9}"
EndProject
Project("{FAE04EC0-301F-11D3-BF4B-00C04F79EFBC}") = "API_ESC_MANEJO.CORE", "API_ESC_MANEJO.CORE\API_ESC_MANEJO.CORE.csproj", "{3753D5A9-5188-4F34-B125-E6CE7704B7D2}"
EndProject
Project("{FAE04EC0-301F-11D3-BF4B-00C04F79EFBC}") = "API_ESC_MANEJO.INFRASTRUCTURE", "API_ESC_MANEJO.INFRASTRUCTURE\API_ESC_MANEJO.INFRASTRUCTURE.csproj", "{4BDCB0D7-E3FF-442A-814A-659687CD07CB}"
EndProject
Global
	GlobalSection(SolutionConfigurationPlatforms) = preSolution
		Debug|Any CPU = Debug|Any CPU
		Release|Any CPU = Release|Any CPU
	EndGlobalSection
	GlobalSection(ProjectConfigurationPlatforms) = postSolution
		{D906FD69-8DC1-4073-A3EE-9C535990F9F9}.Debug|Any CPU.ActiveCfg = Debug|Any CPU
		{D906FD69-8DC1-4073-A3EE-9C535990F9F9}.Debug|Any CPU.Build.0 = Debug|Any CPU
		{D906FD69-8DC1-4073-A3EE-9C535990F9F9}.Release|Any CPU.ActiveCfg = Release|Any CPU
		{D906FD69-8DC1-4073-A3EE-9C535990F9F9}.Release|Any CPU.Build.0 = Release|Any CPU
		{3753D5A9-5188-4F34-B125-E6CE7704B7D2}.Debug|Any CPU.ActiveCfg = Debug|Any CPU
		{3753D5A9-5188-4F34-B125-E6CE7704B7D2}.Debug|Any CPU.Build.0 = Debug|Any CPU
		{3753D5A9-5188-4F34-B125-E6CE7704B7D2}.Release|Any CPU.ActiveCfg = Release|Any CPU
		{3753D5A9-5188-4F34-B125-E6CE7704B7D2}.Release|Any CPU.Build.0 = Release|Any CPU
		{4BDCB0D7-E3FF-442A-814A-659687CD07CB}.Debug|Any CPU.ActiveCfg = Debug|Any CPU
		{4BDCB0D7-E3FF-442A-814A-659687CD07CB}.Debug|Any CPU.Build.0 = Debug|Any CPU
		{4BDCB0D7-E3FF-442A-814A-659687CD07CB}.Release|Any CPU.ActiveCfg = Release|Any CPU
		{4BDCB0D7-E3FF-442A-814A-659687CD07CB}.Release|Any CPU.Build.0 = Release|Any CPU
	EndGlobalSection
	GlobalSection(SolutionProperties) = preSolution
		HideSolutionNode = FALSE
	EndGlobalSection
	GlobalSection(ExtensibilityGlobals) = postSolution
		SolutionGuid = {92C8DB63-CD1F-4819-BA19-784FB9BFDA82}
	EndGlobalSection
EndGlobal
